
Microsoft Visual Studio Solution File, Format Version 12.00
# Visual Studio Version 17
VisualStudioVersion = 17.7.34031.279
MinimumVisualStudioVersion = 10.0.40219.1
Project("{FAE04EC0-301F-11D3-BF4B-00C04F79EFBC}") = "AplicacionBD", "AplicacionBD\AplicacionBD.csproj", "{82261E6A-50DC-4C22-89ED-CD25A25B1C56}"
EndProject
Global
	GlobalSection(SolutionConfigurationPlatforms) = preSolution
		Debug|Any CPU = Debug|Any CPU
		Release|Any CPU = Release|Any CPU
	EndGlobalSection
	GlobalSection(ProjectConfigurationPlatforms) = postSolution
		{82261E6A-50DC-4C22-89ED-CD25A25B1C56}.Debug|Any CPU.ActiveCfg = Debug|Any CPU
		{82261E6A-50DC-4C22-89ED-CD25A25B1C56}.Debug|Any CPU.Build.0 = Debug|Any CPU
		{82261E6A-50DC-4C22-89ED-CD25A25B1C56}.Release|Any CPU.ActiveCfg = Release|Any CPU
		{82261E6A-50DC-4C22-89ED-CD25A25B1C56}.Release|Any CPU.Build.0 = Release|Any CPU
	EndGlobalSection
	GlobalSection(SolutionProperties) = preSolution
		HideSolutionNode = FALSE
	EndGlobalSection
	GlobalSection(ExtensibilityGlobals) = postSolution
		SolutionGuid = {315038E0-07FC-4CB7-ACB0-380DAB129064}
	EndGlobalSection
EndGlobal
